
Microsoft Visual Studio Solution File, Format Version 12.00
# Visual Studio Version 17
VisualStudioVersion = 17.1.32414.318
MinimumVisualStudioVersion = 10.0.40219.1
Project("{9A19103F-16F7-4668-BE54-9A1E7A4F7556}") = "ZeusInventarioWebAPI", "ZeusInventarioWebAPI\ZeusInventarioWebAPI.csproj", "{FAAA80AF-8C20-4E43-8EB9-39D2BFB22E69}"
EndProject
Project("{2150E333-8FDC-42A3-9474-1A3956D46DE8}") = "Solution Items", "Solution Items", "{5A4233D9-5B21-4187-9BA9-B12D91C2DD52}"
	ProjectSection(SolutionItems) = preProject
		.editorconfig = .editorconfig
	EndProjectSection
EndProject
Global
	GlobalSection(SolutionConfigurationPlatforms) = preSolution
		Debug|Any CPU = Debug|Any CPU
		Release|Any CPU = Release|Any CPU
	EndGlobalSection
	GlobalSection(ProjectConfigurationPlatforms) = postSolution
		{FAAA80AF-8C20-4E43-8EB9-39D2BFB22E69}.Debug|Any CPU.ActiveCfg = Debug|Any CPU
		{FAAA80AF-8C20-4E43-8EB9-39D2BFB22E69}.Debug|Any CPU.Build.0 = Debug|Any CPU
		{FAAA80AF-8C20-4E43-8EB9-39D2BFB22E69}.Release|Any CPU.ActiveCfg = Release|Any CPU
		{FAAA80AF-8C20-4E43-8EB9-39D2BFB22E69}.Release|Any CPU.Build.0 = Release|Any CPU
	EndGlobalSection
	GlobalSection(SolutionProperties) = preSolution
		HideSolutionNode = FALSE
	EndGlobalSection
	GlobalSection(ExtensibilityGlobals) = postSolution
		SolutionGuid = {CC0C883B-93CE-417A-9864-23C17214EDFA}
	EndGlobalSection
EndGlobal
